lockfileVersion: '6.0'

settings:
  autoInstallPeers: true
  excludeLinksFromLockfile: false

devDependencies:
  '@rslib/core':
    specifier: ^0.1.3
    version: 0.1.3(typescript@5.7.2)
  '@types/node':
    specifier: ^22.8.1
    version: 22.10.1
  typescript:
    specifier: ^5.6.3
    version: 5.7.2

packages:

  /@jridgewell/sourcemap-codec@1.5.0:
    resolution: {integrity: sha512-gv3ZRaISU3fjPAgNsriBRqGWQL6quFx04YMPW/zD8XMLsU32mhCCbfbO6KZFLjvYpCZ8zyDEgqsgf+PwPaM7GQ==}
    dev: true

  /@module-federation/runtime-tools@0.5.1:
    resolution: {integrity: sha512-nfBedkoZ3/SWyO0hnmaxuz0R0iGPSikHZOAZ0N/dVSQaIzlffUo35B5nlC2wgWIc0JdMZfkwkjZRrnuuDIJbzg==}
    dependencies:
      '@module-federation/runtime': 0.5.1
      '@module-federation/webpack-bundler-runtime': 0.5.1
    dev: true

  /@module-federation/runtime@0.5.1:
    resolution: {integrity: sha512-xgiMUWwGLWDrvZc9JibuEbXIbhXg6z2oUkemogSvQ4LKvrl/n0kbqP1Blk669mXzyWbqtSp6PpvNdwaE1aN5xQ==}
    dependencies:
      '@module-federation/sdk': 0.5.1
    dev: true

  /@module-federation/sdk@0.5.1:
    resolution: {integrity: sha512-exvchtjNURJJkpqjQ3/opdbfeT2wPKvrbnGnyRkrwW5o3FH1LaST1tkiNviT6OXTexGaVc2DahbdniQHVtQ7pA==}
    dev: true

  /@module-federation/webpack-bundler-runtime@0.5.1:
    resolution: {integrity: sha512-mMhRFH0k2VjwHt3Jol9JkUsmI/4XlrAoBG3E0o7HoyoPYv1UFOWyqAflfANcUPgbYpvqmyLzDcO+3IT36LXnrA==}
    dependencies:
      '@module-federation/runtime': 0.5.1
      '@module-federation/sdk': 0.5.1
    dev: true

  /@rsbuild/core@1.1.8:
    resolution: {integrity: sha512-UhP260og3aJcqGWpnRcQXLVapdOZZ09JXaQKY+tE55A7nBw8DQy+qrtTsFZYvVKas1bq8GzhGfLxuglCst4Lnw==}
    engines: {node: '>=16.7.0'}
    hasBin: true
    dependencies:
      '@rspack/core': 1.1.5(@swc/helpers@0.5.15)
      '@rspack/lite-tapable': 1.0.1
      '@swc/helpers': 0.5.15
      core-js: 3.39.0
    dev: true

  /@rslib/core@0.1.3(typescript@5.7.2):
    resolution: {integrity: sha512-M4P5KSGKWJZyB0zIMeHTBXqk9Uk7ZQB9fxxd8JJFMYhCiTBkx0zoA69XICyjFzgKLQ6sEGfbISnXNPLuLLgflg==}
    engines: {node: '>=16.0.0'}
    hasBin: true
    peerDependencies:
      '@microsoft/api-extractor': ^7
      typescript: ^5
    peerDependenciesMeta:
      '@microsoft/api-extractor':
        optional: true
      typescript:
        optional: true
    dependencies:
      '@rsbuild/core': 1.1.8
      rsbuild-plugin-dts: 0.1.3(@rsbuild/core@1.1.8)(typescript@5.7.2)
      tinyglobby: 0.2.10
      typescript: 5.7.2
    dev: true

  /@rspack/binding-darwin-arm64@1.1.5:
    resolution: {integrity: sha512-eEynmyPPl+OGYQ9LRFwiQosyRfcca3OQB73akqY4mqDRl39OyiBjq7347DLHJysgbm9z+B1bsiLuh2xc6mdclQ==}
    cpu: [arm64]
    os: [darwin]
    requiresBuild: true
    dev: true
    optional: true

  /@rspack/binding-darwin-x64@1.1.5:
    resolution: {integrity: sha512-I6HPRgogewU5v1OKe3noEzq2U1FCEYAbW+smy+lPvpTW+3X6PlVMzTT4oelhB0EXDQ+KxjXH9KpOKON1hg/JGg==}
    cpu: [x64]
    os: [darwin]
    requiresBuild: true
    dev: true
    optional: true

  /@rspack/binding-linux-arm64-gnu@1.1.5:
    resolution: {integrity: sha512-LQnqucNa6Dr6y3By+/M2ARO4jDR3AM+PuCsHgzlYT0RDRLS+Ow3f50WbNBf7eI/DhrEA0aucYL3sz1ljguB3EA==}
    cpu: [arm64]
    os: [linux]
    requiresBuild: true
    dev: true
    optional: true

  /@rspack/binding-linux-arm64-musl@1.1.5:
    resolution: {integrity: sha512-b9L/9HJxrWY4cezPWqgj28I9Xe2XxwLHu8x0CMGobwF2XKR0QQVLAst38RW/EusJ8TURdyvNEOuRZlWEIJuYOw==}
    cpu: [arm64]
    os: [linux]
    requiresBuild: true
    dev: true
    optional: true

  /@rspack/binding-linux-x64-gnu@1.1.5:
    resolution: {integrity: sha512-0az52ZXTg/ErCGC1v/oFLWByKAiXvng4euv+prwMWF6p1pA7lfLRLzdibDFO4KgC16Zlfcg3hqs7YikLng4x+w==}
    cpu: [x64]
    os: [linux]
    requiresBuild: true
    dev: true
    optional: true

  /@rspack/binding-linux-x64-musl@1.1.5:
    resolution: {integrity: sha512-EF/LJTtCTkuti2gJnCyvXHC5Q2L5M4+RXm5kj9Bfu/t0Zmmfe6Jd5QUsifgogioeL0ZsH/Pou5QiiVcOFcqFKQ==}
    cpu: [x64]
    os: [linux]
    requiresBuild: true
    dev: true
    optional: true

  /@rspack/binding-win32-arm64-msvc@1.1.5:
    resolution: {integrity: sha512-VEqhK6HwIHby6gtOkxIx66SkqYndiaP1ddZ3X39RLE40TY3KlNgfG/SzbN9J5Qb+8jjq3ogV8n50+wLEGkhiWw==}
    cpu: [arm64]
    os: [win32]
    requiresBuild: true
    dev: true
    optional: true

  /@rspack/binding-win32-ia32-msvc@1.1.5:
    resolution: {integrity: sha512-Yi2BwYehc5/sRVgI7zTGYJKjnV8UszAJt/stWdFHaq82chHiuuF/tQd1WcBUq0Iin9ylBMo16mRJAuFkFmJ74Q==}
    cpu: [ia32]
    os: [win32]
    requiresBuild: true
    dev: true
    optional: true

  /@rspack/binding-win32-x64-msvc@1.1.5:
    resolution: {integrity: sha512-4UArXYqJO1Ni7TmCw1T11JnrwfpoThDdiQ9k1P1voBWK3bDahPEBOptk9ZPu2+ZuRX8hFrvumRKkLY3oy7fTMw==}
    cpu: [x64]
    os: [win32]
    requiresBuild: true
    dev: true
    optional: true

  /@rspack/binding@1.1.5:
    resolution: {integrity: sha512-RsSkgi56Q5XUXut0qweLSE1C4Ogcm7g/ueKoOgsbHAYVKrCs9/dTFlPHWSIAaI7QWh0GWEePR/MM2O2HIu+1rw==}
    optionalDependencies:
      '@rspack/binding-darwin-arm64': 1.1.5
      '@rspack/binding-darwin-x64': 1.1.5
      '@rspack/binding-linux-arm64-gnu': 1.1.5
      '@rspack/binding-linux-arm64-musl': 1.1.5
      '@rspack/binding-linux-x64-gnu': 1.1.5
      '@rspack/binding-linux-x64-musl': 1.1.5
      '@rspack/binding-win32-arm64-msvc': 1.1.5
      '@rspack/binding-win32-ia32-msvc': 1.1.5
      '@rspack/binding-win32-x64-msvc': 1.1.5
    dev: true

  /@rspack/core@1.1.5(@swc/helpers@0.5.15):
    resolution: {integrity: sha512-/FmxDeMuW8fJkhz8fHuCu7OiJHFKW78xclEu7LkEujWl4PqJgdWjUL/6FWIj50spRwj6PRfuc31hFSL4hbNfCA==}
    engines: {node: '>=16.0.0'}
    peerDependencies:
      '@swc/helpers': '>=0.5.1'
    peerDependenciesMeta:
      '@swc/helpers':
        optional: true
    dependencies:
      '@module-federation/runtime-tools': 0.5.1
      '@rspack/binding': 1.1.5
      '@rspack/lite-tapable': 1.0.1
      '@swc/helpers': 0.5.15
      caniuse-lite: 1.0.30001687
    dev: true

  /@rspack/lite-tapable@1.0.1:
    resolution: {integrity: sha512-VynGOEsVw2s8TAlLf/uESfrgfrq2+rcXB1muPJYBWbsm1Oa6r5qVQhjA5ggM6z/coYPrsVMgovl3Ff7Q7OCp1w==}
    engines: {node: '>=16.0.0'}
    dev: true

  /@swc/helpers@0.5.15:
    resolution: {integrity: sha512-JQ5TuMi45Owi4/BIMAJBoSQoOJu12oOk/gADqlcUL9JEdHB8vyjUSsxqeNXnmXHjYKMi2WcYtezGEEhqUI/E2g==}
    dependencies:
      tslib: 2.8.1
    dev: true

  /@types/node@22.10.1:
    resolution: {integrity: sha512-qKgsUwfHZV2WCWLAnVP1JqnpE6Im6h3Y0+fYgMTasNQ7V++CBX5OT1as0g0f+OyubbFqhf6XVNIsmN4IIhEgGQ==}
    dependencies:
      undici-types: 6.20.0
    dev: true

  /caniuse-lite@1.0.30001687:
    resolution: {integrity: sha512-0S/FDhf4ZiqrTUiQ39dKeUjYRjkv7lOZU1Dgif2rIqrTzX/1wV2hfKu9TOm1IHkdSijfLswxTFzl/cvir+SLSQ==}
    dev: true

  /core-js@3.39.0:
    resolution: {integrity: sha512-raM0ew0/jJUqkJ0E6e8UDtl+y/7ktFivgWvqw8dNSQeNWoSDLvQ1H/RN3aPXB9tBd4/FhyR4RDPGhsNIMsAn7g==}
    requiresBuild: true
    dev: true

  /fdir@6.4.2(picomatch@4.0.2):
    resolution: {integrity: sha512-KnhMXsKSPZlAhp7+IjUkRZKPb4fUyccpDrdFXbi4QL1qkmFh9kVY09Yox+n4MaOb3lHZ1Tv829C3oaaXoMYPDQ==}
    peerDependencies:
      picomatch: ^3 || ^4
    peerDependenciesMeta:
      picomatch:
        optional: true
    dependencies:
      picomatch: 4.0.2
    dev: true

  /magic-string@0.30.14:
    resolution: {integrity: sha512-5c99P1WKTed11ZC0HMJOj6CDIue6F8ySu+bJL+85q1zBEIY8IklrJ1eiKC2NDRh3Ct3FcvmJPyQHb9erXMTJNw==}
    dependencies:
      '@jridgewell/sourcemap-codec': 1.5.0
    dev: true

  /picocolors@1.1.1:
    resolution: {integrity: sha512-xceH2snhtb5M9liqDsmEw56le376mTZkEX/jEb/RxNFyegNul7eNslCXP9FDj/Lcu0X8KEyMceP2ntpaHrDEVA==}
    dev: true

  /picomatch@4.0.2:
    resolution: {integrity: sha512-M7BAV6Rlcy5u+m6oPhAPFgJTzAioX/6B0DxyvDlo9l8+T3nLKbrczg2WLUyzd45L8RqfUMyGPzekbMvX2Ldkwg==}
    engines: {node: '>=12'}
    dev: true

  /rsbuild-plugin-dts@0.1.3(@rsbuild/core@1.1.8)(typescript@5.7.2):
    resolution: {integrity: sha512-a2O1U7LnzW9+53A7+DXvGhAgmZdmi07Cu12CkCcP9uMcOu5dnFR5JlFPVCN/se5P9h32bGnUJ0bKqR8UrLmJxA==}
    engines: {node: '>=16.0.0'}
    peerDependencies:
      '@microsoft/api-extractor': ^7
      '@rsbuild/core': 1.x
      typescript: ^5
    peerDependenciesMeta:
      '@microsoft/api-extractor':
        optional: true
      typescript:
        optional: true
    dependencies:
      '@rsbuild/core': 1.1.8
      magic-string: 0.30.14
      picocolors: 1.1.1
      tinyglobby: 0.2.10
      typescript: 5.7.2
    dev: true

  /tinyglobby@0.2.10:
    resolution: {integrity: sha512-Zc+8eJlFMvgatPZTl6A9L/yht8QqdmUNtURHaKZLmKBE12hNPSrqNkUp2cs3M/UKmNVVAMFQYSjYIVHDjW5zew==}
    engines: {node: '>=12.0.0'}
    dependencies:
      fdir: 6.4.2(picomatch@4.0.2)
      picomatch: 4.0.2
    dev: true

  /tslib@2.8.1:
    resolution: {integrity: sha512-oJFu94HQb+KVduSUQL7wnpmqnfmLsOA/nAh6b6EH0wCEoK0/mPeXU6c3wKDV83MkOuHPRHtSXKKU99IBazS/2w==}
    dev: true

  /typescript@5.7.2:
    resolution: {integrity: sha512-i5t66RHxDvVN40HfDd1PsEThGNnlMCMT3jMUuoh9/0TaqWevNontacunWyN02LA9/fIbEWlcHZcgTKb9QoaLfg==}
    engines: {node: '>=14.17'}
    hasBin: true
    dev: true

  /undici-types@6.20.0:
    resolution: {integrity: sha512-Ny6QZ2Nju20vw1SRHe3d9jVu6gJ+4e3+MMpqu7pqE5HT6WsTSlce++GQmK5UXS8mzV8DSYHrQH+Xrf2jVcuKNg==}
    dev: true
